
Microsoft Visual Studio Solution File, Format Version 12.00
# Visual Studio Version 17
VisualStudioVersion = 17.13.35913.81 d17.13
MinimumVisualStudioVersion = 10.0.40219.1
Project("{54A90642-561A-4BB1-A94E-469ADEE60C69}") = "simplebanking.client", "simplebanking.client\simplebanking.client.esproj", "{0E22A9CF-AB31-6D06-1260-D24769B26257}"
EndProject
Project("{FAE04EC0-301F-11D3-BF4B-00C04F79EFBC}") = "SimpleBanking.Server", "SimpleBanking.Server\SimpleBanking.Server.csproj", "{C8BC72E7-0D5E-4F80-B7F9-234F375AF6DD}"
EndProject
Global
	GlobalSection(SolutionConfigurationPlatforms) = preSolution
		Debug|Any CPU = Debug|Any CPU
		Release|Any CPU = Release|Any CPU
	EndGlobalSection
	GlobalSection(ProjectConfigurationPlatforms) = postSolution
		{0E22A9CF-AB31-6D06-1260-D24769B26257}.Debug|Any CPU.ActiveCfg = Debug|Any CPU
		{0E22A9CF-AB31-6D06-1260-D24769B26257}.Debug|Any CPU.Build.0 = Debug|Any CPU
		{0E22A9CF-AB31-6D06-1260-D24769B26257}.Debug|Any CPU.Deploy.0 = Debug|Any CPU
		{0E22A9CF-AB31-6D06-1260-D24769B26257}.Release|Any CPU.ActiveCfg = Release|Any CPU
		{0E22A9CF-AB31-6D06-1260-D24769B26257}.Release|Any CPU.Build.0 = Release|Any CPU
		{0E22A9CF-AB31-6D06-1260-D24769B26257}.Release|Any CPU.Deploy.0 = Release|Any CPU
		{C8BC72E7-0D5E-4F80-B7F9-234F375AF6DD}.Debug|Any CPU.ActiveCfg = Debug|Any CPU
		{C8BC72E7-0D5E-4F80-B7F9-234F375AF6DD}.Debug|Any CPU.Build.0 = Debug|Any CPU
		{C8BC72E7-0D5E-4F80-B7F9-234F375AF6DD}.Release|Any CPU.ActiveCfg = Release|Any CPU
		{C8BC72E7-0D5E-4F80-B7F9-234F375AF6DD}.Release|Any CPU.Build.0 = Release|Any CPU
	EndGlobalSection
	GlobalSection(SolutionProperties) = preSolution
		HideSolutionNode = FALSE
	EndGlobalSection
	GlobalSection(ExtensibilityGlobals) = postSolution
		SolutionGuid = {5522B822-2015-4525-A125-9F14CD6238C7}
	EndGlobalSection
EndGlobal
